# This file is automatically @generated by Poetry 1.8.4 and should not be changed by hand.

[[package]]
name = "highsbox"
version = "1.8.0"
description = "highsbox: binary distribution of HiGHS optimizer"
optional = false
python-versions = "*"
files = [
    {file = "highsbox-1.8.0-py3-none-macosx_10_9_x86_64.whl", hash = "sha256:fdc38dc5e0a79df4345317e8f764c0b553268d352e6365447858d48517dcb6e5"},
    {file = "highsbox-1.8.0-py3-none-macosx_11_0_arm64.whl", hash = "sha256:5a767a77f693085408f1a2e01e5631e8688c68d812dba408617b688b3ea690be"},
    {file = "highsbox-1.8.0-py3-none-manylinux2014_aarch64.whl", hash = "sha256:b2842e17951bbacd71baaeab0f7bc2cfe10f6cf2a9e8e434a41c252895589eb3"},
    {file = "highsbox-1.8.0-py3-none-manylinux2014_x86_64.whl", hash = "sha256:c6297bffb8c37d1421a554b979bc22fd8f26126e53188e4cb58abea36fda76da"},
    {file = "highsbox-1.8.0-py3-none-win_amd64.whl", hash = "sha256:e99acf1955ae5092025b9e71a000626e5ab4fcf1cca4b38a2ed0ac7995d84a9a"},
]

[[package]]
name = "pulp"
version = "2.9.0"
description = "PuLP is an LP modeler written in python. PuLP can generate MPS or LP files and call GLPK, COIN CLP/CBC, CPLEX, and GUROBI to solve linear problems."
optional = false
python-versions = ">=3.7"
files = [
    {file = "PuLP-2.9.0-py3-none-any.whl", hash = "sha256:ad6a9b566d8458f4d05f4bfe2cea59e32885dd1da6929a361be579222107987c"},
    {file = "pulp-2.9.0.tar.gz", hash = "sha256:2e30e6c0ef2c0edac185220e3e53faca62eb786a9bd68465208f05bc63e850f3"},
]

[[package]]
name = "pyoptinterface"
version = "0.2.8"
description = "Python interface to multiple optimization solvers"
optional = false
python-versions = ">=3.8"
files = [
    {file = "pyoptinterface-0.2.8-cp310-cp310-macosx_10_14_x86_64.whl", hash = "sha256:484745f3f1da7fc7c70436b7c18475c0b2a12b2bb145da81b32ba6824ac8232c"},
    {file = "pyoptinterface-0.2.8-cp310-cp310-macosx_11_0_arm64.whl", hash = "sha256:07f62e5a6fa972a2ce5b10fdc74edf38b3ed2d699779a29691ecbbeec251d1f5"},
    {file = "pyoptinterface-0.2.8-cp310-cp310-manylinux_2_17_x86_64.manylinux2014_x86_64.whl", hash = "sha256:a1a9de839f13812683d74852af176f00317a004b5d3bb9bc2cb2338f51c3d285"},
    {file = "pyoptinterface-0.2.8-cp310-cp310-win_amd64.whl", hash = "sha256:ab13879b7e65ce0df12d0abe3c4c73f55aacef4e14b1f3a723abf6cc525d3877"},
    {file = "pyoptinterface-0.2.8-cp311-cp311-macosx_10_14_x86_64.whl", hash = "sha256:9cf468f4aad1c0536b21e20ca8387d4eb8386e992d14b17cfced2633f4ac2e6c"},
    {file = "pyoptinterface-0.2.8-cp311-cp311-macosx_11_0_arm64.whl", hash = "sha256:f5573a88cd8b3d61e85a13a78ca088454a86f94bc6f5768b54b0c703954e390f"},
    {file = "pyoptinterface-0.2.8-cp311-cp311-manylinux_2_17_x86_64.manylinux2014_x86_64.whl", hash = "sha256:9421af2ccda2ebba92845b17d88d92b6283db2a5753aa9d7463f96c42865b2e0"},
    {file = "pyoptinterface-0.2.8-cp311-cp311-win_amd64.whl", hash = "sha256:6b233dc6066e1e142000e22a57e3aaaff0315bfd384cd9118c1f6daf0d97c4f7"},
    {file = "pyoptinterface-0.2.8-cp312-cp312-macosx_10_14_x86_64.whl", hash = "sha256:ec02437f434baf3e2e1f46fed75aa43dd02a28496e5e9a0b4c3d9b03f43dd809"},
    {file = "pyoptinterface-0.2.8-cp312-cp312-macosx_11_0_arm64.whl", hash = "sha256:8b8fc3af435eb010dabf258f3514f7007438200000520a9afc77ed9beaabd931"},
    {file = "pyoptinterface-0.2.8-cp312-cp312-manylinux_2_17_x86_64.manylinux2014_x86_64.whl", hash = "sha256:7a928f9ac8fb79491f470cf52b54719f2e797311021ac3e4a4c73c6fef25e534"},
    {file = "pyoptinterface-0.2.8-cp312-cp312-win_amd64.whl", hash = "sha256:13285ac5f54e82f91d10d777973e37b2e290313236f06e93318c07bb9158704d"},
    {file = "pyoptinterface-0.2.8-cp38-cp38-macosx_10_14_x86_64.whl", hash = "sha256:5cb02b12a2f74db919f1a6a80007bd30f1e32f154d2c75883f64c128109badc9"},
    {file = "pyoptinterface-0.2.8-cp38-cp38-manylinux_2_17_x86_64.manylinux2014_x86_64.whl", hash = "sha256:f2e8c0abbe82bc4286c5e5ccd121a90b433ee6edeb4fb973c847b482801eb7f9"},
    {file = "pyoptinterface-0.2.8-cp38-cp38-win_amd64.whl", hash = "sha256:b05df942a699b80a15bde07bd9741e15f26204c6fe58b8c87eb4ac0273879544"},
    {file = "pyoptinterface-0.2.8-cp39-cp39-macosx_10_14_x86_64.whl", hash = "sha256:d1c3fe5011f3fbd53bb84294efc75e83e7e1a1bb443081691f988f93399f948d"},
    {file = "pyoptinterface-0.2.8-cp39-cp39-macosx_11_0_arm64.whl", hash = "sha256:0f7647b21d4bccfbad1029fb8da84ebbab388bf2cd405b222ab17274bc8e0196"},
    {file = "pyoptinterface-0.2.8-cp39-cp39-manylinux_2_17_x86_64.manylinux2014_x86_64.whl", hash = "sha256:caed0d9d9d51c5dc36f78aeb314577acab5272155a0913fbedf7b2bc64616ec4"},
    {file = "pyoptinterface-0.2.8-cp39-cp39-win_amd64.whl", hash = "sha256:42e4a5964240fd8d094d7f3a4becd280b2dc7f4a9c7f1f4c4e7413319b5c676c"},
]

[package.extras]
doc = ["furo", "highsbox", "myst-nb", "myst-parser", "numpy", "sphinx", "sphinx-copybutton"]
highs = ["highsbox"]
nlp = ["llvmlite", "tccbox"]
test = ["numpy", "pytest"]

[[package]]
name = "salabim"
version = "24.0.14.post3"
description = "salabim - discrete event simulation in Python"
optional = false
python-versions = ">=3.7"
files = [
    {file = "salabim-24.0.14.post3-py3-none-any.whl", hash = "sha256:379e2a828a028da02d8355e2bf59abd8b1c7da3f563771015b737956ed6258f0"},
    {file = "salabim-24.0.14.post3.tar.gz", hash = "sha256:1794b8602f11ff3cb62103ee139b1d2926707bee827a52b9f9947511a77246ba"},
]

[metadata]
lock-version = "2.0"
python-versions = "^3.9"
content-hash = "3176d35ceea1f9e9bf8c51a2b9f510474dd64a73a7a84990d46ee9699c0929f2"
